<?xml version="1.0" encoding="UTF-8"?>
<CONFIG>
  <ProjectOptions>
    <Version Value="11"/>
    <PathDelim Value="\"/>
    <General>
      <Flags>
        <MainUnitHasUsesSectionForAllUnits Value="False"/>
        <MainUnitHasCreateFormStatements Value="False"/>
        <MainUnitHasTitleStatement Value="False"/>
        <MainUnitHasScaledStatement Value="False"/>
      </Flags>
      <SessionStorage Value="InProjectDir"/>
      <MainUnit Value="0"/>
      <Title Value="WASI5_2"/>
      <Scaled Value="True"/>
      <UseAppBundle Value="False"/>
      <ResourceType Value="res"/>
      <UseXPManifest Value="True"/>
      <XPManifest>
        <DpiAware Value="True"/>
      </XPManifest>
      <Icon Value="0"/>
    </General>
    <VersionInfo>
      <UseVersionInfo Value="True"/>
      <MajorVersionNr Value="5"/>
      <MinorVersionNr Value="2"/>
      <RevisionNr Value="1"/>
      <CharSet Value="04E5"/>
      <StringTable CompanyName="DLR" LegalCopyright="Peter Gege" ProductName="Water Color Simulator" ProductVersion="0.0.0.0"/>
    </VersionInfo>
    <BuildModes Count="1">
      <Item1 Name="Default" Default="True"/>
    </BuildModes>
    <PublishOptions>
      <Version Value="2"/>
    </PublishOptions>
    <RunParams>
      <FormatVersion Value="2"/>
      <Modes Count="1">
        <Mode0 Name="default"/>
      </Modes>
    </RunParams>
    <RequiredPackages Count="1">
      <Item1>
        <PackageName Value="LCL"/>
      </Item1>
    </RequiredPackages>
    <Units Count="33">
      <Unit0>
        <Filename Value="WASI5_2.pas"/>
        <IsPartOfProject Value="True"/>
      </Unit0>
      <Unit1>
        <Filename Value="Popup_Rbottom.pas"/>
        <IsPartOfProject Value="True"/>
        <ComponentName Value="FormRbottom"/>
        <HasResources Value="True"/>
        <ResourceBaseClass Value="Form"/>
      </Unit1>
      <Unit2>
        <Filename Value="popup_forward.pas"/>
        <IsPartOfProject Value="True"/>
        <ComponentName Value="FormData"/>
        <HasResources Value="True"/>
        <ResourceBaseClass Value="Form"/>
      </Unit2>
      <Unit3>
        <Filename Value="fw_calc.pas"/>
        <IsPartOfProject Value="True"/>
      </Unit3>
      <Unit4>
        <Filename Value="invers.pas"/>
        <IsPartOfProject Value="True"/>
      </Unit4>
      <Unit5>
        <Filename Value="Popup_General.pas"/>
        <IsPartOfProject Value="True"/>
        <ComponentName Value="FormGeneral"/>
        <HasResources Value="True"/>
        <ResourceBaseClass Value="Form"/>
      </Unit5>
      <Unit6>
        <Filename Value="Popup_Fitparameter.pas"/>
        <IsPartOfProject Value="True"/>
        <ComponentName Value="Popup_Fitparameters"/>
        <HasResources Value="True"/>
        <ResourceBaseClass Value="Form"/>
      </Unit6>
      <Unit7>
        <Filename Value="Frame_Resid.pas"/>
        <IsPartOfProject Value="True"/>
        <ComponentName Value="Frame_Res"/>
        <HasResources Value="True"/>
        <ResourceBaseClass Value="Frame"/>
      </Unit7>
      <Unit8>
        <Filename Value="Frame_Batch.pas"/>
        <IsPartOfProject Value="True"/>
        <ComponentName Value="FrameBatch"/>
        <HasResources Value="True"/>
        <ResourceBaseClass Value="Frame"/>
      </Unit8>
      <Unit9>
        <Filename Value="Popup_Directories.pas"/>
        <IsPartOfProject Value="True"/>
        <ComponentName Value="FormDir"/>
        <HasResources Value="True"/>
        <ResourceBaseClass Value="Form"/>
      </Unit9>
      <Unit10>
        <Filename Value="Popup_Reconstruction.pas"/>
        <IsPartOfProject Value="True"/>
        <ComponentName Value="Popup_Reconstruct"/>
        <HasResources Value="True"/>
        <ResourceBaseClass Value="Form"/>
      </Unit10>
      <Unit11>
        <Filename Value="Popup_Tuning.pas"/>
        <IsPartOfProject Value="True"/>
        <ComponentName Value="Popup_FitTuning"/>
        <HasResources Value="True"/>
        <ResourceBaseClass Value="Form"/>
      </Unit11>
      <Unit12>
        <Filename Value="Popup_Models.pas"/>
        <IsPartOfProject Value="True"/>
        <ComponentName Value="Form_Models"/>
        <HasResources Value="True"/>
        <ResourceBaseClass Value="Form"/>
      </Unit12>
      <Unit13>
        <Filename Value="Frame_par.pas"/>
        <IsPartOfProject Value="True"/>
        <ComponentName Value="Frame_p"/>
        <HasResources Value="True"/>
        <ResourceBaseClass Value="Frame"/>
      </Unit13>
      <Unit14>
        <Filename Value="privates.pas"/>
        <IsPartOfProject Value="True"/>
      </Unit14>
      <Unit15>
        <Filename Value="Popup_2D_Format.pas"/>
        <IsPartOfProject Value="True"/>
        <ComponentName Value="Format_2D"/>
        <HasResources Value="True"/>
        <ResourceBaseClass Value="Form"/>
      </Unit15>
      <Unit16>
        <Filename Value="Popup_2D_Options.pas"/>
        <IsPartOfProject Value="True"/>
        <ComponentName Value="Options_2D"/>
        <HasResources Value="True"/>
        <ResourceBaseClass Value="Form"/>
      </Unit16>
      <Unit17>
        <Filename Value="Popup_Dataformat_Advanced.pas"/>
        <IsPartOfProject Value="True"/>
        <ComponentName Value="FormDataFormatAdvanced"/>
        <HasResources Value="True"/>
        <ResourceBaseClass Value="Form"/>
      </Unit17>
      <Unit18>
        <Filename Value="gui.pas"/>
        <IsPartOfProject Value="True"/>
        <ComponentName Value="Form1"/>
        <HasResources Value="True"/>
        <ResourceBaseClass Value="Form"/>
      </Unit18>
      <Unit19>
        <Filename Value="defaults.pas"/>
        <IsPartOfProject Value="True"/>
      </Unit19>
      <Unit20>
        <Filename Value="about.pas"/>
        <IsPartOfProject Value="True"/>
        <ComponentName Value="AboutBox"/>
        <HasResources Value="True"/>
        <ResourceBaseClass Value="Form"/>
        <UnitName Value="About"/>
      </Unit20>
      <Unit21>
        <Filename Value="misc.pas"/>
        <IsPartOfProject Value="True"/>
      </Unit21>
      <Unit22>
        <Filename Value="Popup_Dataformat.pas"/>
        <IsPartOfProject Value="True"/>
        <ComponentName Value="FormDataFormat"/>
        <HasResources Value="True"/>
        <ResourceBaseClass Value="Form"/>
      </Unit22>
      <Unit23>
        <Filename Value="Popup_Display.pas"/>
        <IsPartOfProject Value="True"/>
        <ComponentName Value="FormDisplay"/>
        <HasResources Value="True"/>
        <ResourceBaseClass Value="Form"/>
      </Unit23>
      <Unit24>
        <Filename Value="SCHOEN_.PAS"/>
        <IsPartOfProject Value="True"/>
      </Unit24>
      <Unit25>
        <Filename Value="lib\x86_64-win64\private\print.pas"/>
        <IsPartOfProject Value="True"/>
      </Unit25>
      <Unit26>
        <Filename Value="popup_info.pas"/>
        <IsPartOfProject Value="True"/>
        <ComponentName Value="Mem_Info"/>
        <HasResources Value="True"/>
        <ResourceBaseClass Value="Form"/>
      </Unit26>
      <Unit27>
        <Filename Value="popup_2d_info.pas"/>
        <IsPartOfProject Value="True"/>
        <ComponentName Value="Form_2D_Info"/>
        <HasResources Value="True"/>
        <ResourceBaseClass Value="Form"/>
        <UnitName Value="Popup_2D_Info"/>
      </Unit27>
      <Unit28>
        <Filename Value="meltpond.pas"/>
        <IsPartOfProject Value="True"/>
      </Unit28>
      <Unit29>
        <Filename Value="ceos.pas"/>
        <IsPartOfProject Value="True"/>
        <UnitName Value="CEOS"/>
      </Unit29>
      <Unit30>
        <Filename Value="farbe.pas"/>
        <IsPartOfProject Value="True"/>
        <ComponentName Value="RGB"/>
        <HasResources Value="True"/>
        <ResourceBaseClass Value="Form"/>
        <UnitName Value="Farbe"/>
      </Unit30>
      <Unit31>
        <Filename Value="usmbios.pas"/>
        <IsPartOfProject Value="True"/>
        <UnitName Value="uSMBIOS"/>
      </Unit31>
      <Unit32>
        <Filename Value="uscaledpi.pas"/>
        <IsPartOfProject Value="True"/>
      </Unit32>
    </Units>
  </ProjectOptions>
  <CompilerOptions>
    <Version Value="11"/>
    <PathDelim Value="\"/>
    <SearchPaths>
      <IncludeFiles Value="$(ProjOutDir)"/>
      <OtherUnitFiles Value="lib\x86_64-win64\private;privat;units"/>
      <UnitOutputDirectory Value="lib\$(TargetCPU)-$(TargetOS)"/>
    </SearchPaths>
    <Parsing>
      <SyntaxOptions>
        <SyntaxMode Value="Delphi"/>
      </SyntaxOptions>
    </Parsing>
    <CodeGeneration>
      <TargetOS Value="win64"/>
      <Optimizations>
        <OptimizationLevel Value="0"/>
      </Optimizations>
    </CodeGeneration>
    <Linking>
      <Options>
        <Win32>
          <GraphicApplication Value="True"/>
        </Win32>
      </Options>
    </Linking>
    <Other>
      <Verbosity>
        <ShowHintsForUnusedUnitsInMainSrc Value="True"/>
      </Verbosity>
      <CustomOptions Value="-dBorland -dVer150 -dDelphi7 -dCompiler6_Up -dPUREPASCAL"/>
    </Other>
  </CompilerOptions>
  <Debugging>
    <Exceptions Count="4">
      <Item1>
        <Name Value="EAbort"/>
      </Item1>
      <Item2>
        <Name Value="ECodetoolError"/>
      </Item2>
      <Item3>
        <Name Value="EFOpenError"/>
      </Item3>
      <Item4>
        <Name Value="EFCreateError"/>
      </Item4>
    </Exceptions>
  </Debugging>
</CONFIG>
